
Microsoft Visual Studio Solution File, Format Version 12.00
# Visual Studio 14
VisualStudioVersion = 14.0.25420.1
MinimumVisualStudioVersion = 10.0.40219.1
Project("{FAE04EC0-301F-11D3-BF4B-00C04F79EFBC}") = "Common", "Common\Common.csproj", "{0106EDB2-A6F1-46B4-8EB6-CBD6D1EC396A}"
EndProject
Project("{FAE04EC0-301F-11D3-BF4B-00C04F79EFBC}") = "DeviceEmulator", "DeviceEmulator\DeviceEmulator.csproj", "{82FB8F41-7B50-46F1-B351-D3E61A4BA0DA}"
EndProject
Project("{2150E333-8FDC-42A3-9474-1A3956D46DE8}") = "Solution Items", "Solution Items", "{DEC9C50B-5133-416E-97C7-427FE0B1F652}"
	ProjectSection(SolutionItems) = preProject
		.gitattributes = .gitattributes
		.gitignore = .gitignore
		NuGet.config = NuGet.config
	EndProjectSection
EndProject
Project("{FAE04EC0-301F-11D3-BF4B-00C04F79EFBC}") = "DeviceEmulator.UWP", "DeviceEmulator.UWP\DeviceEmulator.UWP.csproj", "{A5C9E07C-7001-4FA2-9BCD-7CA0B1595C43}"
EndProject
Project("{FAE04EC0-301F-11D3-BF4B-00C04F79EFBC}") = "Common.UWP", "Common.UWP\Common.UWP.csproj", "{BEC91AA4-D0B3-40D8-9438-156B7CDAED29}"
EndProject
Global
	GlobalSection(SolutionConfigurationPlatforms) = preSolution
		Debug|Any CPU = Debug|Any CPU
		Debug|ARM = Debug|ARM
		Debug|x64 = Debug|x64
		Debug|x86 = Debug|x86
		DebugQA|Any CPU = DebugQA|Any CPU
		DebugQA|ARM = DebugQA|ARM
		DebugQA|x64 = DebugQA|x64
		DebugQA|x86 = DebugQA|x86
		Release|Any CPU = Release|Any CPU
		Release|ARM = Release|ARM
		Release|x64 = Release|x64
		Release|x86 = Release|x86
		ReleaseQA|Any CPU = ReleaseQA|Any CPU
		ReleaseQA|ARM = ReleaseQA|ARM
		ReleaseQA|x64 = ReleaseQA|x64
		ReleaseQA|x86 = ReleaseQA|x86
	EndGlobalSection
	GlobalSection(ProjectConfigurationPlatforms) = postSolution
		{0106EDB2-A6F1-46B4-8EB6-CBD6D1EC396A}.Debug|Any CPU.ActiveCfg = Debug|Any CPU
		{0106EDB2-A6F1-46B4-8EB6-CBD6D1EC396A}.Debug|Any CPU.Build.0 = Debug|Any CPU
		{0106EDB2-A6F1-46B4-8EB6-CBD6D1EC396A}.Debug|ARM.ActiveCfg = Debug|Any CPU
		{0106EDB2-A6F1-46B4-8EB6-CBD6D1EC396A}.Debug|ARM.Build.0 = Debug|Any CPU
		{0106EDB2-A6F1-46B4-8EB6-CBD6D1EC396A}.Debug|x64.ActiveCfg = Debug|x64
		{0106EDB2-A6F1-46B4-8EB6-CBD6D1EC396A}.Debug|x64.Build.0 = Debug|x64
		{0106EDB2-A6F1-46B4-8EB6-CBD6D1EC396A}.Debug|x86.ActiveCfg = Debug|Any CPU
		{0106EDB2-A6F1-46B4-8EB6-CBD6D1EC396A}.Debug|x86.Build.0 = Debug|Any CPU
		{0106EDB2-A6F1-46B4-8EB6-CBD6D1EC396A}.DebugQA|Any CPU.ActiveCfg = DebugQA|Any CPU
		{0106EDB2-A6F1-46B4-8EB6-CBD6D1EC396A}.DebugQA|Any CPU.Build.0 = DebugQA|Any CPU
		{0106EDB2-A6F1-46B4-8EB6-CBD6D1EC396A}.DebugQA|ARM.ActiveCfg = DebugQA|Any CPU
		{0106EDB2-A6F1-46B4-8EB6-CBD6D1EC396A}.DebugQA|ARM.Build.0 = DebugQA|Any CPU
		{0106EDB2-A6F1-46B4-8EB6-CBD6D1EC396A}.DebugQA|x64.ActiveCfg = DebugQA|x64
		{0106EDB2-A6F1-46B4-8EB6-CBD6D1EC396A}.DebugQA|x64.Build.0 = DebugQA|x64
		{0106EDB2-A6F1-46B4-8EB6-CBD6D1EC396A}.DebugQA|x86.ActiveCfg = DebugQA|Any CPU
		{0106EDB2-A6F1-46B4-8EB6-CBD6D1EC396A}.DebugQA|x86.Build.0 = DebugQA|Any CPU
		{0106EDB2-A6F1-46B4-8EB6-CBD6D1EC396A}.Release|Any CPU.ActiveCfg = Release|Any CPU
		{0106EDB2-A6F1-46B4-8EB6-CBD6D1EC396A}.Release|Any CPU.Build.0 = Release|Any CPU
		{0106EDB2-A6F1-46B4-8EB6-CBD6D1EC396A}.Release|ARM.ActiveCfg = Release|Any CPU
		{0106EDB2-A6F1-46B4-8EB6-CBD6D1EC396A}.Release|ARM.Build.0 = Release|Any CPU
		{0106EDB2-A6F1-46B4-8EB6-CBD6D1EC396A}.Release|x64.ActiveCfg = Release|x64
		{0106EDB2-A6F1-46B4-8EB6-CBD6D1EC396A}.Release|x64.Build.0 = Release|x64
		{0106EDB2-A6F1-46B4-8EB6-CBD6D1EC396A}.Release|x86.ActiveCfg = Release|Any CPU
		{0106EDB2-A6F1-46B4-8EB6-CBD6D1EC396A}.Release|x86.Build.0 = Release|Any CPU
		{0106EDB2-A6F1-46B4-8EB6-CBD6D1EC396A}.ReleaseQA|Any CPU.ActiveCfg = ReleaseQA|Any CPU
		{0106EDB2-A6F1-46B4-8EB6-CBD6D1EC396A}.ReleaseQA|Any CPU.Build.0 = ReleaseQA|Any CPU
		{0106EDB2-A6F1-46B4-8EB6-CBD6D1EC396A}.ReleaseQA|ARM.ActiveCfg = ReleaseQA|Any CPU
		{0106EDB2-A6F1-46B4-8EB6-CBD6D1EC396A}.ReleaseQA|ARM.Build.0 = ReleaseQA|Any CPU
		{0106EDB2-A6F1-46B4-8EB6-CBD6D1EC396A}.ReleaseQA|x64.ActiveCfg = ReleaseQA|x64
		{0106EDB2-A6F1-46B4-8EB6-CBD6D1EC396A}.ReleaseQA|x64.Build.0 = ReleaseQA|x64
		{0106EDB2-A6F1-46B4-8EB6-CBD6D1EC396A}.ReleaseQA|x86.ActiveCfg = ReleaseQA|Any CPU
		{0106EDB2-A6F1-46B4-8EB6-CBD6D1EC396A}.ReleaseQA|x86.Build.0 = ReleaseQA|Any CPU
		{82FB8F41-7B50-46F1-B351-D3E61A4BA0DA}.Debug|Any CPU.ActiveCfg = Debug|Any CPU
		{82FB8F41-7B50-46F1-B351-D3E61A4BA0DA}.Debug|Any CPU.Build.0 = Debug|Any CPU
		{82FB8F41-7B50-46F1-B351-D3E61A4BA0DA}.Debug|ARM.ActiveCfg = Debug|Any CPU
		{82FB8F41-7B50-46F1-B351-D3E61A4BA0DA}.Debug|ARM.Build.0 = Debug|Any CPU
		{82FB8F41-7B50-46F1-B351-D3E61A4BA0DA}.Debug|x64.ActiveCfg = Debug|x64
		{82FB8F41-7B50-46F1-B351-D3E61A4BA0DA}.Debug|x64.Build.0 = Debug|x64
		{82FB8F41-7B50-46F1-B351-D3E61A4BA0DA}.Debug|x86.ActiveCfg = Debug|Any CPU
		{82FB8F41-7B50-46F1-B351-D3E61A4BA0DA}.Debug|x86.Build.0 = Debug|Any CPU
		{82FB8F41-7B50-46F1-B351-D3E61A4BA0DA}.DebugQA|Any CPU.ActiveCfg = DebugQA|Any CPU
		{82FB8F41-7B50-46F1-B351-D3E61A4BA0DA}.DebugQA|Any CPU.Build.0 = DebugQA|Any CPU
		{82FB8F41-7B50-46F1-B351-D3E61A4BA0DA}.DebugQA|ARM.ActiveCfg = DebugQA|Any CPU
		{82FB8F41-7B50-46F1-B351-D3E61A4BA0DA}.DebugQA|ARM.Build.0 = DebugQA|Any CPU
		{82FB8F41-7B50-46F1-B351-D3E61A4BA0DA}.DebugQA|x64.ActiveCfg = DebugQA|x64
		{82FB8F41-7B50-46F1-B351-D3E61A4BA0DA}.DebugQA|x64.Build.0 = DebugQA|x64
		{82FB8F41-7B50-46F1-B351-D3E61A4BA0DA}.DebugQA|x86.ActiveCfg = DebugQA|Any CPU
		{82FB8F41-7B50-46F1-B351-D3E61A4BA0DA}.DebugQA|x86.Build.0 = DebugQA|Any CPU
		{82FB8F41-7B50-46F1-B351-D3E61A4BA0DA}.Release|Any CPU.ActiveCfg = Release|Any CPU
		{82FB8F41-7B50-46F1-B351-D3E61A4BA0DA}.Release|Any CPU.Build.0 = Release|Any CPU
		{82FB8F41-7B50-46F1-B351-D3E61A4BA0DA}.Release|ARM.ActiveCfg = Release|Any CPU
		{82FB8F41-7B50-46F1-B351-D3E61A4BA0DA}.Release|ARM.Build.0 = Release|Any CPU
		{82FB8F41-7B50-46F1-B351-D3E61A4BA0DA}.Release|x64.ActiveCfg = Release|x64
		{82FB8F41-7B50-46F1-B351-D3E61A4BA0DA}.Release|x64.Build.0 = Release|x64
		{82FB8F41-7B50-46F1-B351-D3E61A4BA0DA}.Release|x86.ActiveCfg = Release|Any CPU
		{82FB8F41-7B50-46F1-B351-D3E61A4BA0DA}.Release|x86.Build.0 = Release|Any CPU
		{82FB8F41-7B50-46F1-B351-D3E61A4BA0DA}.ReleaseQA|Any CPU.ActiveCfg = ReleaseQA|Any CPU
		{82FB8F41-7B50-46F1-B351-D3E61A4BA0DA}.ReleaseQA|Any CPU.Build.0 = ReleaseQA|Any CPU
		{82FB8F41-7B50-46F1-B351-D3E61A4BA0DA}.ReleaseQA|ARM.ActiveCfg = ReleaseQA|Any CPU
		{82FB8F41-7B50-46F1-B351-D3E61A4BA0DA}.ReleaseQA|ARM.Build.0 = ReleaseQA|Any CPU
		{82FB8F41-7B50-46F1-B351-D3E61A4BA0DA}.ReleaseQA|x64.ActiveCfg = ReleaseQA|x64
		{82FB8F41-7B50-46F1-B351-D3E61A4BA0DA}.ReleaseQA|x64.Build.0 = ReleaseQA|x64
		{82FB8F41-7B50-46F1-B351-D3E61A4BA0DA}.ReleaseQA|x86.ActiveCfg = ReleaseQA|Any CPU
		{82FB8F41-7B50-46F1-B351-D3E61A4BA0DA}.ReleaseQA|x86.Build.0 = ReleaseQA|Any CPU
		{A5C9E07C-7001-4FA2-9BCD-7CA0B1595C43}.Debug|Any CPU.ActiveCfg = Debug|x64
		{A5C9E07C-7001-4FA2-9BCD-7CA0B1595C43}.Debug|Any CPU.Build.0 = Debug|x64
		{A5C9E07C-7001-4FA2-9BCD-7CA0B1595C43}.Debug|Any CPU.Deploy.0 = Debug|x64
		{A5C9E07C-7001-4FA2-9BCD-7CA0B1595C43}.Debug|ARM.ActiveCfg = Debug|ARM
		{A5C9E07C-7001-4FA2-9BCD-7CA0B1595C43}.Debug|ARM.Build.0 = Debug|ARM
		{A5C9E07C-7001-4FA2-9BCD-7CA0B1595C43}.Debug|ARM.Deploy.0 = Debug|ARM
		{A5C9E07C-7001-4FA2-9BCD-7CA0B1595C43}.Debug|x64.ActiveCfg = Debug|x64
		{A5C9E07C-7001-4FA2-9BCD-7CA0B1595C43}.Debug|x64.Build.0 = Debug|x64
		{A5C9E07C-7001-4FA2-9BCD-7CA0B1595C43}.Debug|x64.Deploy.0 = Debug|x64
		{A5C9E07C-7001-4FA2-9BCD-7CA0B1595C43}.Debug|x86.ActiveCfg = Debug|x86
		{A5C9E07C-7001-4FA2-9BCD-7CA0B1595C43}.Debug|x86.Build.0 = Debug|x86
		{A5C9E07C-7001-4FA2-9BCD-7CA0B1595C43}.Debug|x86.Deploy.0 = Debug|x86
		{A5C9E07C-7001-4FA2-9BCD-7CA0B1595C43}.DebugQA|Any CPU.ActiveCfg = Release|x64
		{A5C9E07C-7001-4FA2-9BCD-7CA0B1595C43}.DebugQA|Any CPU.Build.0 = Release|x64
		{A5C9E07C-7001-4FA2-9BCD-7CA0B1595C43}.DebugQA|Any CPU.Deploy.0 = Release|x64
		{A5C9E07C-7001-4FA2-9BCD-7CA0B1595C43}.DebugQA|ARM.ActiveCfg = Debug|ARM
		{A5C9E07C-7001-4FA2-9BCD-7CA0B1595C43}.DebugQA|ARM.Build.0 = Debug|ARM
		{A5C9E07C-7001-4FA2-9BCD-7CA0B1595C43}.DebugQA|ARM.Deploy.0 = Debug|ARM
		{A5C9E07C-7001-4FA2-9BCD-7CA0B1595C43}.DebugQA|x64.ActiveCfg = Debug|x64
		{A5C9E07C-7001-4FA2-9BCD-7CA0B1595C43}.DebugQA|x64.Build.0 = Debug|x64
		{A5C9E07C-7001-4FA2-9BCD-7CA0B1595C43}.DebugQA|x64.Deploy.0 = Debug|x64
		{A5C9E07C-7001-4FA2-9BCD-7CA0B1595C43}.DebugQA|x86.ActiveCfg = Debug|x86
		{A5C9E07C-7001-4FA2-9BCD-7CA0B1595C43}.DebugQA|x86.Build.0 = Debug|x86
		{A5C9E07C-7001-4FA2-9BCD-7CA0B1595C43}.DebugQA|x86.Deploy.0 = Debug|x86
		{A5C9E07C-7001-4FA2-9BCD-7CA0B1595C43}.Release|Any CPU.ActiveCfg = Release|x64
		{A5C9E07C-7001-4FA2-9BCD-7CA0B1595C43}.Release|Any CPU.Build.0 = Release|x64
		{A5C9E07C-7001-4FA2-9BCD-7CA0B1595C43}.Release|ARM.ActiveCfg = Release|ARM
		{A5C9E07C-7001-4FA2-9BCD-7CA0B1595C43}.Release|ARM.Build.0 = Release|ARM
		{A5C9E07C-7001-4FA2-9BCD-7CA0B1595C43}.Release|ARM.Deploy.0 = Release|ARM
		{A5C9E07C-7001-4FA2-9BCD-7CA0B1595C43}.Release|x64.ActiveCfg = Release|x64
		{A5C9E07C-7001-4FA2-9BCD-7CA0B1595C43}.Release|x64.Build.0 = Release|x64
		{A5C9E07C-7001-4FA2-9BCD-7CA0B1595C43}.Release|x64.Deploy.0 = Release|x64
		{A5C9E07C-7001-4FA2-9BCD-7CA0B1595C43}.Release|x86.ActiveCfg = Release|x86
		{A5C9E07C-7001-4FA2-9BCD-7CA0B1595C43}.Release|x86.Build.0 = Release|x86
		{A5C9E07C-7001-4FA2-9BCD-7CA0B1595C43}.Release|x86.Deploy.0 = Release|x86
		{A5C9E07C-7001-4FA2-9BCD-7CA0B1595C43}.ReleaseQA|Any CPU.ActiveCfg = Release|x64
		{A5C9E07C-7001-4FA2-9BCD-7CA0B1595C43}.ReleaseQA|Any CPU.Build.0 = Release|x64
		{A5C9E07C-7001-4FA2-9BCD-7CA0B1595C43}.ReleaseQA|Any CPU.Deploy.0 = Release|x64
		{A5C9E07C-7001-4FA2-9BCD-7CA0B1595C43}.ReleaseQA|ARM.ActiveCfg = Release|ARM
		{A5C9E07C-7001-4FA2-9BCD-7CA0B1595C43}.ReleaseQA|ARM.Build.0 = Release|ARM
		{A5C9E07C-7001-4FA2-9BCD-7CA0B1595C43}.ReleaseQA|ARM.Deploy.0 = Release|ARM
		{A5C9E07C-7001-4FA2-9BCD-7CA0B1595C43}.ReleaseQA|x64.ActiveCfg = Release|x64
		{A5C9E07C-7001-4FA2-9BCD-7CA0B1595C43}.ReleaseQA|x64.Build.0 = Release|x64
		{A5C9E07C-7001-4FA2-9BCD-7CA0B1595C43}.ReleaseQA|x64.Deploy.0 = Release|x64
		{A5C9E07C-7001-4FA2-9BCD-7CA0B1595C43}.ReleaseQA|x86.ActiveCfg = Release|x86
		{A5C9E07C-7001-4FA2-9BCD-7CA0B1595C43}.ReleaseQA|x86.Build.0 = Release|x86
		{A5C9E07C-7001-4FA2-9BCD-7CA0B1595C43}.ReleaseQA|x86.Deploy.0 = Release|x86
		{BEC91AA4-D0B3-40D8-9438-156B7CDAED29}.Debug|Any CPU.ActiveCfg = Debug|x64
		{BEC91AA4-D0B3-40D8-9438-156B7CDAED29}.Debug|Any CPU.Build.0 = Debug|x64
		{BEC91AA4-D0B3-40D8-9438-156B7CDAED29}.Debug|ARM.ActiveCfg = Debug|ARM
		{BEC91AA4-D0B3-40D8-9438-156B7CDAED29}.Debug|ARM.Build.0 = Debug|ARM
		{BEC91AA4-D0B3-40D8-9438-156B7CDAED29}.Debug|x64.ActiveCfg = Debug|x64
		{BEC91AA4-D0B3-40D8-9438-156B7CDAED29}.Debug|x64.Build.0 = Debug|x64
		{BEC91AA4-D0B3-40D8-9438-156B7CDAED29}.Debug|x86.ActiveCfg = Debug|x86
		{BEC91AA4-D0B3-40D8-9438-156B7CDAED29}.Debug|x86.Build.0 = Debug|x86
		{BEC91AA4-D0B3-40D8-9438-156B7CDAED29}.DebugQA|Any CPU.ActiveCfg = Debug|Any CPU
		{BEC91AA4-D0B3-40D8-9438-156B7CDAED29}.DebugQA|Any CPU.Build.0 = Debug|Any CPU
		{BEC91AA4-D0B3-40D8-9438-156B7CDAED29}.DebugQA|ARM.ActiveCfg = Debug|ARM
		{BEC91AA4-D0B3-40D8-9438-156B7CDAED29}.DebugQA|ARM.Build.0 = Debug|ARM
		{BEC91AA4-D0B3-40D8-9438-156B7CDAED29}.DebugQA|x64.ActiveCfg = Debug|x64
		{BEC91AA4-D0B3-40D8-9438-156B7CDAED29}.DebugQA|x64.Build.0 = Debug|x64
		{BEC91AA4-D0B3-40D8-9438-156B7CDAED29}.DebugQA|x86.ActiveCfg = Debug|x86
		{BEC91AA4-D0B3-40D8-9438-156B7CDAED29}.DebugQA|x86.Build.0 = Debug|x86
		{BEC91AA4-D0B3-40D8-9438-156B7CDAED29}.Release|Any CPU.ActiveCfg = Release|x64
		{BEC91AA4-D0B3-40D8-9438-156B7CDAED29}.Release|Any CPU.Build.0 = Release|x64
		{BEC91AA4-D0B3-40D8-9438-156B7CDAED29}.Release|ARM.ActiveCfg = Release|ARM
		{BEC91AA4-D0B3-40D8-9438-156B7CDAED29}.Release|ARM.Build.0 = Release|ARM
		{BEC91AA4-D0B3-40D8-9438-156B7CDAED29}.Release|x64.ActiveCfg = Release|x64
		{BEC91AA4-D0B3-40D8-9438-156B7CDAED29}.Release|x64.Build.0 = Release|x64
		{BEC91AA4-D0B3-40D8-9438-156B7CDAED29}.Release|x86.ActiveCfg = Release|x86
		{BEC91AA4-D0B3-40D8-9438-156B7CDAED29}.Release|x86.Build.0 = Release|x86
		{BEC91AA4-D0B3-40D8-9438-156B7CDAED29}.ReleaseQA|Any CPU.ActiveCfg = Release|Any CPU
		{BEC91AA4-D0B3-40D8-9438-156B7CDAED29}.ReleaseQA|Any CPU.Build.0 = Release|Any CPU
		{BEC91AA4-D0B3-40D8-9438-156B7CDAED29}.ReleaseQA|ARM.ActiveCfg = Release|ARM
		{BEC91AA4-D0B3-40D8-9438-156B7CDAED29}.ReleaseQA|ARM.Build.0 = Release|ARM
		{BEC91AA4-D0B3-40D8-9438-156B7CDAED29}.ReleaseQA|x64.ActiveCfg = Release|x64
		{BEC91AA4-D0B3-40D8-9438-156B7CDAED29}.ReleaseQA|x64.Build.0 = Release|x64
		{BEC91AA4-D0B3-40D8-9438-156B7CDAED29}.ReleaseQA|x86.ActiveCfg = Release|x86
		{BEC91AA4-D0B3-40D8-9438-156B7CDAED29}.ReleaseQA|x86.Build.0 = Release|x86
	EndGlobalSection
	GlobalSection(SolutionProperties) = preSolution
		HideSolutionNode = FALSE
	EndGlobalSection
EndGlobal
